
Microsoft Visual Studio Solution File, Format Version 12.00
# Visual Studio 14
VisualStudioVersion = 14.0.25420.1
MinimumVisualStudioVersion = 10.0.40219.1
Project("{FAE04EC0-301F-11D3-BF4B-00C04F79EFBC}") = "LearningLINQ", "LearningLINQ\LearningLINQ.csproj", "{BC7845E6-E9B2-4801-9E4E-800ACF8CD1B2}"
EndProject
Project("{FAE04EC0-301F-11D3-BF4B-00C04F79EFBC}") = "LinqQueries", "LinqQueries\LinqQueries.csproj", "{D31E6789-481C-4690-B7E9-6FED1441743E}"
EndProject
Global
	GlobalSection(SolutionConfigurationPlatforms) = preSolution
		Debug|Any CPU = Debug|Any CPU
		Release|Any CPU = Release|Any CPU
	EndGlobalSection
	GlobalSection(ProjectConfigurationPlatforms) = postSolution
		{BC7845E6-E9B2-4801-9E4E-800ACF8CD1B2}.Debug|Any CPU.ActiveCfg = Debug|Any CPU
		{BC7845E6-E9B2-4801-9E4E-800ACF8CD1B2}.Debug|Any CPU.Build.0 = Debug|Any CPU
		{BC7845E6-E9B2-4801-9E4E-800ACF8CD1B2}.Release|Any CPU.ActiveCfg = Release|Any CPU
		{BC7845E6-E9B2-4801-9E4E-800ACF8CD1B2}.Release|Any CPU.Build.0 = Release|Any CPU
		{D31E6789-481C-4690-B7E9-6FED1441743E}.Debug|Any CPU.ActiveCfg = Debug|Any CPU
		{D31E6789-481C-4690-B7E9-6FED1441743E}.Debug|Any CPU.Build.0 = Debug|Any CPU
		{D31E6789-481C-4690-B7E9-6FED1441743E}.Release|Any CPU.ActiveCfg = Release|Any CPU
		{D31E6789-481C-4690-B7E9-6FED1441743E}.Release|Any CPU.Build.0 = Release|Any CPU
	EndGlobalSection
	GlobalSection(SolutionProperties) = preSolution
		HideSolutionNode = FALSE
	EndGlobalSection
EndGlobal
