
Microsoft Visual Studio Solution File, Format Version 12.00
# Visual Studio 14
VisualStudioVersion = 14.0.25420.1
MinimumVisualStudioVersion = 10.0.40219.1
Project("{FAE04EC0-301F-11D3-BF4B-00C04F79EFBC}") = "LearningLINQ", "LearningLINQ\LearningLINQ.csproj", "{BC7845E6-E9B2-4801-9E4E-800ACF8CD1B2}"
EndProject
Project("{FAE04EC0-301F-11D3-BF4B-00C04F79EFBC}") = "LinqQueries", "LinqQueries\LinqQueries.csproj", "{D31E6789-481C-4690-B7E9-6FED1441743E}"
EndProject
Project("{FAE04EC0-301F-11D3-BF4B-00C04F79EFBC}") = "CSharp6.0", "CSharp6.0\CSharp6.0.csproj", "{F357D241-DC59-4AA3-8BDF-1F8831077664}"
EndProject
Project("{2150E333-8FDC-42A3-9474-1A3956D46DE8}") = "CShatp6.0AndItsTests", "CShatp6.0AndItsTests", "{C087C369-8356-4DF6-AAD1-26E0A3F85A5E}"
EndProject
Project("{FAE04EC0-301F-11D3-BF4B-00C04F79EFBC}") = "CSharp6.0UnitTesting", "CSharp6.0UnitTesting\CSharp6.0UnitTesting.csproj", "{390B4541-C39C-416E-9663-08D3FA71E4DD}"
EndProject
Project("{2150E333-8FDC-42A3-9474-1A3956D46DE8}") = "Interfaces", "Interfaces", "{D4FB8D80-57CF-4843-9697-C2AB533C6BE7}"
EndProject
Project("{FAE04EC0-301F-11D3-BF4B-00C04F79EFBC}") = "RegularPloygons", "RegularPloygons\RegularPloygons.csproj", "{2E4BED5E-1318-4BA1-AA34-A7F1FBE46911}"
EndProject
Project("{FAE04EC0-301F-11D3-BF4B-00C04F79EFBC}") = "Polygons", "Polygons\Polygons.csproj", "{DCF3B456-E946-40DB-8204-B74B13625395}"
EndProject
Project("{2150E333-8FDC-42A3-9474-1A3956D46DE8}") = "FutureProofCode", "FutureProofCode", "{1DA63133-FCD2-4D0C-A7D5-2D556C2B398A}"
EndProject
Project("{FAE04EC0-301F-11D3-BF4B-00C04F79EFBC}") = "PersonLibrary", "PersonLibrary\PersonLibrary.csproj", "{118F9028-DE1A-4331-B0C2-F1F219113695}"
EndProject
Project("{FAE04EC0-301F-11D3-BF4B-00C04F79EFBC}") = "PeopleViewer", "PeopleViewer\PeopleViewer.csproj", "{FFC95F55-AC5F-446D-87AC-7F0236DD5D86}"
EndProject
Project("{FAE04EC0-301F-11D3-BF4B-00C04F79EFBC}") = "Strings", "Strings\Strings.csproj", "{28DA0C7D-39FA-41BF-B32D-B812BCD284F8}"
EndProject
Project("{FAE04EC0-301F-11D3-BF4B-00C04F79EFBC}") = "Constructors", "Constructors\Constructors.csproj", "{165E740D-6723-4CDE-83F4-BF9A2817B955}"
EndProject
Project("{2150E333-8FDC-42A3-9474-1A3956D46DE8}") = "LINQ", "LINQ", "{DAA7138F-E0AB-4D23-AA19-2E12B79F9AD5}"
EndProject
Project("{FAE04EC0-301F-11D3-BF4B-00C04F79EFBC}") = "LINQRepeat", "LINQRepeat\LINQRepeat.csproj", "{C69DB293-BBD2-4E00-9068-7501A49C174B}"
EndProject
Project("{FAE04EC0-301F-11D3-BF4B-00C04F79EFBC}") = "LINQOperators", "LINQOperators\LINQOperators.csproj", "{5F28C241-BA5B-4F51-B5D1-4660006387B9}"
EndProject
Project("{FAE04EC0-301F-11D3-BF4B-00C04F79EFBC}") = "PigLatin", "PigLatin\PigLatin.csproj", "{F854C80A-06E6-4C83-A798-0C68270920F2}"
EndProject
Project("{2150E333-8FDC-42A3-9474-1A3956D46DE8}") = "NUnit", "NUnit", "{B6B5EBCE-339F-4AF7-9B10-4760ADDC588D}"
EndProject
Project("{FAE04EC0-301F-11D3-BF4B-00C04F79EFBC}") = "ParallelExecution", "ParallelExecution\ParallelExecution.csproj", "{9F6434CA-BDC1-4AAD-A5A0-1F6768619AE2}"
EndProject
Project("{2150E333-8FDC-42A3-9474-1A3956D46DE8}") = "Exceptions", "Exceptions", "{E60E79FA-EA27-49E6-968B-B8D87FF8869A}"
EndProject
Project("{FAE04EC0-301F-11D3-BF4B-00C04F79EFBC}") = "CustomExceptions", "CustomExceptions\CustomExceptions.csproj", "{42A1D008-81A7-44F9-98DC-EC1177E6DF8B}"
EndProject
Project("{2150E333-8FDC-42A3-9474-1A3956D46DE8}") = "MbUnit", "MbUnit", "{EA4AACF8-EDF7-45FD-A4BA-15388FF1C404}"
EndProject
Project("{FAE04EC0-301F-11D3-BF4B-00C04F79EFBC}") = "MbUnitLearning", "MbUnitLearning\MbUnitLearning.csproj", "{8CBA232E-FC08-4233-A145-015D4DE1A707}"
EndProject
Project("{FAE04EC0-301F-11D3-BF4B-00C04F79EFBC}") = "Tuple", "Tuple\Tuple.csproj", "{A8DBF578-5323-4EC7-AA4C-DFE00ED92FE1}"
EndProject
Project("{2150E333-8FDC-42A3-9474-1A3956D46DE8}") = "Extensibility", "Extensibility", "{9B7AF85C-31CA-49D8-9A9D-FE46F995926B}"
EndProject
Project("{2150E333-8FDC-42A3-9474-1A3956D46DE8}") = "Repositories", "Repositories", "{8EF1DBF0-486E-418F-A5D0-40669E9BF7B7}"
EndProject
Project("{2150E333-8FDC-42A3-9474-1A3956D46DE8}") = "Services", "Services", "{D33E1D96-1DED-4012-8A1C-63EEB6CE5D74}"
EndProject
Project("{FAE04EC0-301F-11D3-BF4B-00C04F79EFBC}") = "People.Service", "C:\Users\sparimi\Downloads\csharp-interfaces\3-csharp-interfaces-m3-extensibility-exercise-files\before\Extensibility\People.Service\People.Service.csproj", "{5FE8AD75-B070-4A7F-9587-C40EE51BDD44}"
EndProject
Project("{FAE04EC0-301F-11D3-BF4B-00C04F79EFBC}") = "PersonRepository.Interface", "PersonRepository.Interface\PersonRepository.Interface.csproj", "{64BD1E90-8B82-44EF-83C2-025A0BC0E102}"
EndProject
Project("{FAE04EC0-301F-11D3-BF4B-00C04F79EFBC}") = "PeopleViewer", "C:\Users\sparimi\Downloads\csharp-interfaces\3-csharp-interfaces-m3-extensibility-exercise-files\before\Extensibility\PeopleViewer\PeopleViewer.csproj", "{EC6283B8-58C2-41FF-80C6-0C5C7A402541}"
EndProject
Project("{FAE04EC0-301F-11D3-BF4B-00C04F79EFBC}") = "PersonRepository.Service", "PersonRepository.Service\PersonRepository.Service.csproj", "{0BBB777A-DFA8-4E15-A332-9C2E78B1A8E7}"
	ProjectSection(ProjectDependencies) = postProject
		{5FE8AD75-B070-4A7F-9587-C40EE51BDD44} = {5FE8AD75-B070-4A7F-9587-C40EE51BDD44}
	EndProjectSection
EndProject
Project("{FAE04EC0-301F-11D3-BF4B-00C04F79EFBC}") = "PersonRepository.CSV", "PersonRepository.CSV\PersonRepository.CSV.csproj", "{06165DEC-A3F2-40D5-8F5E-38D0FB12DC6D}"
EndProject
Project("{FAE04EC0-301F-11D3-BF4B-00C04F79EFBC}") = "PersonRepository.SQL", "C:\Users\sparimi\Downloads\csharp-interfaces\3-csharp-interfaces-m3-extensibility-exercise-files\before\Extensibility\PersonRepository.SQL\PersonRepository.SQL.csproj", "{003702D8-E922-4539-80D4-15AAB22FF29D}"
EndProject
Project("{FAE04EC0-301F-11D3-BF4B-00C04F79EFBC}") = "ExplicitIntefaces", "ExplicitIntefaces\ExplicitIntefaces.csproj", "{67E44CD9-1018-4D57-A7A0-BCB2F4045691}"
EndProject
Project("{2150E333-8FDC-42A3-9474-1A3956D46DE8}") = "ExplicitImplementation", "ExplicitImplementation", "{EC09DA79-320F-41D2-AC9C-9542CD223931}"
EndProject
Project("{FAE04EC0-301F-11D3-BF4B-00C04F79EFBC}") = "Library", "Library\Library.csproj", "{5A52E4BB-FB4B-4C3A-9F9F-41250D2B9205}"
EndProject
Project("{FAE04EC0-301F-11D3-BF4B-00C04F79EFBC}") = "OutputViewer", "OutputViewer\OutputViewer.csproj", "{EB5C06B9-8DD0-4145-B130-9E0271242304}"
EndProject
Project("{2150E333-8FDC-42A3-9474-1A3956D46DE8}") = "DynamicLoading", "DynamicLoading", "{1FBE3BB6-C839-4CDC-80B7-45D08C57AFBC}"
EndProject
Project("{2150E333-8FDC-42A3-9474-1A3956D46DE8}") = "Repositories", "Repositories", "{62DA147B-2178-4463-89AB-5F7C39BC3779}"
EndProject
Project("{2150E333-8FDC-42A3-9474-1A3956D46DE8}") = "DSevices", "DSevices", "{ED259DAB-58D2-4253-870C-B3CFE8F2CA49}"
EndProject
Project("{FAE04EC0-301F-11D3-BF4B-00C04F79EFBC}") = "People.Service", "C:\Users\sparimi\Downloads\csharp-interfaces\5-csharp-interfaces-m5-dynamic-exercise-files\before\DynamicLoading\People.Service\People.Service.csproj", "{1106A809-72E0-472F-AC57-257C6989AA14}"
EndProject
Project("{FAE04EC0-301F-11D3-BF4B-00C04F79EFBC}") = "PersonRepository.Interface", "C:\Users\sparimi\Downloads\csharp-interfaces\5-csharp-interfaces-m5-dynamic-exercise-files\before\DynamicLoading\PersonRepository.Interface\PersonRepository.Interface.csproj", "{07234EAC-B32F-4769-A4C5-83209A858829}"
EndProject
Project("{FAE04EC0-301F-11D3-BF4B-00C04F79EFBC}") = "PeopleViewer.Basic", "C:\Users\sparimi\Downloads\csharp-interfaces\5-csharp-interfaces-m5-dynamic-exercise-files\before\DynamicLoading\PeopleViewer.Basic\PeopleViewer.Basic.csproj", "{7DA7BD58-8197-4E99-ACDE-51A0D4A47965}"
EndProject
Project("{FAE04EC0-301F-11D3-BF4B-00C04F79EFBC}") = "PeopleViewer.Layered", "C:\Users\sparimi\Downloads\csharp-interfaces\5-csharp-interfaces-m5-dynamic-exercise-files\before\DynamicLoading\PeopleViewer.Layered\PeopleViewer.Layered.csproj", "{D85FBE12-9358-47A4-89D1-3A291FF371D2}"
EndProject
Project("{2150E333-8FDC-42A3-9474-1A3956D46DE8}") = "Unit Tests", "Unit Tests", "{1C3A0E0A-3C0C-4D09-B578-58972FE1B0D8}"
EndProject
Project("{FAE04EC0-301F-11D3-BF4B-00C04F79EFBC}") = "PersonRepository.Fake", "PersonRepository.Fake\PersonRepository.Fake.csproj", "{7A9C0161-E59D-462B-A1B5-675E25030F8F}"
EndProject
Project("{FAE04EC0-301F-11D3-BF4B-00C04F79EFBC}") = "PeopleViewer.Test", "PeopleViewer.Test\PeopleViewer.Test.csproj", "{439C11E1-AF6C-4363-BFB1-3C0ABFEEF01A}"
EndProject
Global
	GlobalSection(SolutionConfigurationPlatforms) = preSolution
		Debug|Any CPU = Debug|Any CPU
		Release|Any CPU = Release|Any CPU
	EndGlobalSection
	GlobalSection(ProjectConfigurationPlatforms) = postSolution
		{BC7845E6-E9B2-4801-9E4E-800ACF8CD1B2}.Debug|Any CPU.ActiveCfg = Debug|Any CPU
		{BC7845E6-E9B2-4801-9E4E-800ACF8CD1B2}.Debug|Any CPU.Build.0 = Debug|Any CPU
		{BC7845E6-E9B2-4801-9E4E-800ACF8CD1B2}.Release|Any CPU.ActiveCfg = Release|Any CPU
		{BC7845E6-E9B2-4801-9E4E-800ACF8CD1B2}.Release|Any CPU.Build.0 = Release|Any CPU
		{D31E6789-481C-4690-B7E9-6FED1441743E}.Debug|Any CPU.ActiveCfg = Debug|Any CPU
		{D31E6789-481C-4690-B7E9-6FED1441743E}.Debug|Any CPU.Build.0 = Debug|Any CPU
		{D31E6789-481C-4690-B7E9-6FED1441743E}.Release|Any CPU.ActiveCfg = Release|Any CPU
		{D31E6789-481C-4690-B7E9-6FED1441743E}.Release|Any CPU.Build.0 = Release|Any CPU
		{F357D241-DC59-4AA3-8BDF-1F8831077664}.Debug|Any CPU.ActiveCfg = Debug|Any CPU
		{F357D241-DC59-4AA3-8BDF-1F8831077664}.Debug|Any CPU.Build.0 = Debug|Any CPU
		{F357D241-DC59-4AA3-8BDF-1F8831077664}.Release|Any CPU.ActiveCfg = Release|Any CPU
		{F357D241-DC59-4AA3-8BDF-1F8831077664}.Release|Any CPU.Build.0 = Release|Any CPU
		{390B4541-C39C-416E-9663-08D3FA71E4DD}.Debug|Any CPU.ActiveCfg = Debug|Any CPU
		{390B4541-C39C-416E-9663-08D3FA71E4DD}.Debug|Any CPU.Build.0 = Debug|Any CPU
		{390B4541-C39C-416E-9663-08D3FA71E4DD}.Release|Any CPU.ActiveCfg = Release|Any CPU
		{390B4541-C39C-416E-9663-08D3FA71E4DD}.Release|Any CPU.Build.0 = Release|Any CPU
		{2E4BED5E-1318-4BA1-AA34-A7F1FBE46911}.Debug|Any CPU.ActiveCfg = Debug|Any CPU
		{2E4BED5E-1318-4BA1-AA34-A7F1FBE46911}.Debug|Any CPU.Build.0 = Debug|Any CPU
		{2E4BED5E-1318-4BA1-AA34-A7F1FBE46911}.Release|Any CPU.ActiveCfg = Release|Any CPU
		{2E4BED5E-1318-4BA1-AA34-A7F1FBE46911}.Release|Any CPU.Build.0 = Release|Any CPU
		{DCF3B456-E946-40DB-8204-B74B13625395}.Debug|Any CPU.ActiveCfg = Debug|Any CPU
		{DCF3B456-E946-40DB-8204-B74B13625395}.Debug|Any CPU.Build.0 = Debug|Any CPU
		{DCF3B456-E946-40DB-8204-B74B13625395}.Release|Any CPU.ActiveCfg = Release|Any CPU
		{DCF3B456-E946-40DB-8204-B74B13625395}.Release|Any CPU.Build.0 = Release|Any CPU
		{118F9028-DE1A-4331-B0C2-F1F219113695}.Debug|Any CPU.ActiveCfg = Debug|Any CPU
		{118F9028-DE1A-4331-B0C2-F1F219113695}.Debug|Any CPU.Build.0 = Debug|Any CPU
		{118F9028-DE1A-4331-B0C2-F1F219113695}.Release|Any CPU.ActiveCfg = Release|Any CPU
		{118F9028-DE1A-4331-B0C2-F1F219113695}.Release|Any CPU.Build.0 = Release|Any CPU
		{FFC95F55-AC5F-446D-87AC-7F0236DD5D86}.Debug|Any CPU.ActiveCfg = Debug|Any CPU
		{FFC95F55-AC5F-446D-87AC-7F0236DD5D86}.Debug|Any CPU.Build.0 = Debug|Any CPU
		{FFC95F55-AC5F-446D-87AC-7F0236DD5D86}.Release|Any CPU.ActiveCfg = Release|Any CPU
		{FFC95F55-AC5F-446D-87AC-7F0236DD5D86}.Release|Any CPU.Build.0 = Release|Any CPU
		{28DA0C7D-39FA-41BF-B32D-B812BCD284F8}.Debug|Any CPU.ActiveCfg = Debug|Any CPU
		{28DA0C7D-39FA-41BF-B32D-B812BCD284F8}.Debug|Any CPU.Build.0 = Debug|Any CPU
		{28DA0C7D-39FA-41BF-B32D-B812BCD284F8}.Release|Any CPU.ActiveCfg = Release|Any CPU
		{28DA0C7D-39FA-41BF-B32D-B812BCD284F8}.Release|Any CPU.Build.0 = Release|Any CPU
		{165E740D-6723-4CDE-83F4-BF9A2817B955}.Debug|Any CPU.ActiveCfg = Debug|Any CPU
		{165E740D-6723-4CDE-83F4-BF9A2817B955}.Debug|Any CPU.Build.0 = Debug|Any CPU
		{165E740D-6723-4CDE-83F4-BF9A2817B955}.Release|Any CPU.ActiveCfg = Release|Any CPU
		{165E740D-6723-4CDE-83F4-BF9A2817B955}.Release|Any CPU.Build.0 = Release|Any CPU
		{C69DB293-BBD2-4E00-9068-7501A49C174B}.Debug|Any CPU.ActiveCfg = Debug|Any CPU
		{C69DB293-BBD2-4E00-9068-7501A49C174B}.Debug|Any CPU.Build.0 = Debug|Any CPU
		{C69DB293-BBD2-4E00-9068-7501A49C174B}.Release|Any CPU.ActiveCfg = Release|Any CPU
		{C69DB293-BBD2-4E00-9068-7501A49C174B}.Release|Any CPU.Build.0 = Release|Any CPU
		{5F28C241-BA5B-4F51-B5D1-4660006387B9}.Debug|Any CPU.ActiveCfg = Debug|Any CPU
		{5F28C241-BA5B-4F51-B5D1-4660006387B9}.Debug|Any CPU.Build.0 = Debug|Any CPU
		{5F28C241-BA5B-4F51-B5D1-4660006387B9}.Release|Any CPU.ActiveCfg = Release|Any CPU
		{5F28C241-BA5B-4F51-B5D1-4660006387B9}.Release|Any CPU.Build.0 = Release|Any CPU
		{F854C80A-06E6-4C83-A798-0C68270920F2}.Debug|Any CPU.ActiveCfg = Debug|Any CPU
		{F854C80A-06E6-4C83-A798-0C68270920F2}.Debug|Any CPU.Build.0 = Debug|Any CPU
		{F854C80A-06E6-4C83-A798-0C68270920F2}.Release|Any CPU.ActiveCfg = Release|Any CPU
		{F854C80A-06E6-4C83-A798-0C68270920F2}.Release|Any CPU.Build.0 = Release|Any CPU
		{9F6434CA-BDC1-4AAD-A5A0-1F6768619AE2}.Debug|Any CPU.ActiveCfg = Debug|Any CPU
		{9F6434CA-BDC1-4AAD-A5A0-1F6768619AE2}.Debug|Any CPU.Build.0 = Debug|Any CPU
		{9F6434CA-BDC1-4AAD-A5A0-1F6768619AE2}.Release|Any CPU.ActiveCfg = Release|Any CPU
		{9F6434CA-BDC1-4AAD-A5A0-1F6768619AE2}.Release|Any CPU.Build.0 = Release|Any CPU
		{42A1D008-81A7-44F9-98DC-EC1177E6DF8B}.Debug|Any CPU.ActiveCfg = Debug|Any CPU
		{42A1D008-81A7-44F9-98DC-EC1177E6DF8B}.Debug|Any CPU.Build.0 = Debug|Any CPU
		{42A1D008-81A7-44F9-98DC-EC1177E6DF8B}.Release|Any CPU.ActiveCfg = Release|Any CPU
		{42A1D008-81A7-44F9-98DC-EC1177E6DF8B}.Release|Any CPU.Build.0 = Release|Any CPU
		{8CBA232E-FC08-4233-A145-015D4DE1A707}.Debug|Any CPU.ActiveCfg = Debug|Any CPU
		{8CBA232E-FC08-4233-A145-015D4DE1A707}.Debug|Any CPU.Build.0 = Debug|Any CPU
		{8CBA232E-FC08-4233-A145-015D4DE1A707}.Release|Any CPU.ActiveCfg = Release|Any CPU
		{8CBA232E-FC08-4233-A145-015D4DE1A707}.Release|Any CPU.Build.0 = Release|Any CPU
		{A8DBF578-5323-4EC7-AA4C-DFE00ED92FE1}.Debug|Any CPU.ActiveCfg = Debug|Any CPU
		{A8DBF578-5323-4EC7-AA4C-DFE00ED92FE1}.Debug|Any CPU.Build.0 = Debug|Any CPU
		{A8DBF578-5323-4EC7-AA4C-DFE00ED92FE1}.Release|Any CPU.ActiveCfg = Release|Any CPU
		{A8DBF578-5323-4EC7-AA4C-DFE00ED92FE1}.Release|Any CPU.Build.0 = Release|Any CPU
		{5FE8AD75-B070-4A7F-9587-C40EE51BDD44}.Debug|Any CPU.ActiveCfg = Debug|Any CPU
		{5FE8AD75-B070-4A7F-9587-C40EE51BDD44}.Debug|Any CPU.Build.0 = Debug|Any CPU
		{5FE8AD75-B070-4A7F-9587-C40EE51BDD44}.Release|Any CPU.ActiveCfg = Release|Any CPU
		{5FE8AD75-B070-4A7F-9587-C40EE51BDD44}.Release|Any CPU.Build.0 = Release|Any CPU
		{64BD1E90-8B82-44EF-83C2-025A0BC0E102}.Debug|Any CPU.ActiveCfg = Debug|Any CPU
		{64BD1E90-8B82-44EF-83C2-025A0BC0E102}.Debug|Any CPU.Build.0 = Debug|Any CPU
		{64BD1E90-8B82-44EF-83C2-025A0BC0E102}.Release|Any CPU.ActiveCfg = Release|Any CPU
		{64BD1E90-8B82-44EF-83C2-025A0BC0E102}.Release|Any CPU.Build.0 = Release|Any CPU
		{EC6283B8-58C2-41FF-80C6-0C5C7A402541}.Debug|Any CPU.ActiveCfg = Debug|Any CPU
		{EC6283B8-58C2-41FF-80C6-0C5C7A402541}.Debug|Any CPU.Build.0 = Debug|Any CPU
		{EC6283B8-58C2-41FF-80C6-0C5C7A402541}.Release|Any CPU.ActiveCfg = Release|Any CPU
		{EC6283B8-58C2-41FF-80C6-0C5C7A402541}.Release|Any CPU.Build.0 = Release|Any CPU
		{0BBB777A-DFA8-4E15-A332-9C2E78B1A8E7}.Debug|Any CPU.ActiveCfg = Debug|Any CPU
		{0BBB777A-DFA8-4E15-A332-9C2E78B1A8E7}.Debug|Any CPU.Build.0 = Debug|Any CPU
		{0BBB777A-DFA8-4E15-A332-9C2E78B1A8E7}.Release|Any CPU.ActiveCfg = Release|Any CPU
		{0BBB777A-DFA8-4E15-A332-9C2E78B1A8E7}.Release|Any CPU.Build.0 = Release|Any CPU
		{06165DEC-A3F2-40D5-8F5E-38D0FB12DC6D}.Debug|Any CPU.ActiveCfg = Debug|Any CPU
		{06165DEC-A3F2-40D5-8F5E-38D0FB12DC6D}.Debug|Any CPU.Build.0 = Debug|Any CPU
		{06165DEC-A3F2-40D5-8F5E-38D0FB12DC6D}.Release|Any CPU.ActiveCfg = Release|Any CPU
		{06165DEC-A3F2-40D5-8F5E-38D0FB12DC6D}.Release|Any CPU.Build.0 = Release|Any CPU
		{003702D8-E922-4539-80D4-15AAB22FF29D}.Debug|Any CPU.ActiveCfg = Debug|Any CPU
		{003702D8-E922-4539-80D4-15AAB22FF29D}.Debug|Any CPU.Build.0 = Debug|Any CPU
		{003702D8-E922-4539-80D4-15AAB22FF29D}.Release|Any CPU.ActiveCfg = Release|Any CPU
		{003702D8-E922-4539-80D4-15AAB22FF29D}.Release|Any CPU.Build.0 = Release|Any CPU
		{67E44CD9-1018-4D57-A7A0-BCB2F4045691}.Debug|Any CPU.ActiveCfg = Debug|Any CPU
		{67E44CD9-1018-4D57-A7A0-BCB2F4045691}.Debug|Any CPU.Build.0 = Debug|Any CPU
		{67E44CD9-1018-4D57-A7A0-BCB2F4045691}.Release|Any CPU.ActiveCfg = Release|Any CPU
		{67E44CD9-1018-4D57-A7A0-BCB2F4045691}.Release|Any CPU.Build.0 = Release|Any CPU
		{5A52E4BB-FB4B-4C3A-9F9F-41250D2B9205}.Debug|Any CPU.ActiveCfg = Debug|Any CPU
		{5A52E4BB-FB4B-4C3A-9F9F-41250D2B9205}.Debug|Any CPU.Build.0 = Debug|Any CPU
		{5A52E4BB-FB4B-4C3A-9F9F-41250D2B9205}.Release|Any CPU.ActiveCfg = Release|Any CPU
		{5A52E4BB-FB4B-4C3A-9F9F-41250D2B9205}.Release|Any CPU.Build.0 = Release|Any CPU
		{EB5C06B9-8DD0-4145-B130-9E0271242304}.Debug|Any CPU.ActiveCfg = Debug|Any CPU
		{EB5C06B9-8DD0-4145-B130-9E0271242304}.Debug|Any CPU.Build.0 = Debug|Any CPU
		{EB5C06B9-8DD0-4145-B130-9E0271242304}.Release|Any CPU.ActiveCfg = Release|Any CPU
		{EB5C06B9-8DD0-4145-B130-9E0271242304}.Release|Any CPU.Build.0 = Release|Any CPU
		{1106A809-72E0-472F-AC57-257C6989AA14}.Debug|Any CPU.ActiveCfg = Debug|Any CPU
		{1106A809-72E0-472F-AC57-257C6989AA14}.Debug|Any CPU.Build.0 = Debug|Any CPU
		{1106A809-72E0-472F-AC57-257C6989AA14}.Release|Any CPU.ActiveCfg = Release|Any CPU
		{1106A809-72E0-472F-AC57-257C6989AA14}.Release|Any CPU.Build.0 = Release|Any CPU
		{07234EAC-B32F-4769-A4C5-83209A858829}.Debug|Any CPU.ActiveCfg = Debug|Any CPU
		{07234EAC-B32F-4769-A4C5-83209A858829}.Debug|Any CPU.Build.0 = Debug|Any CPU
		{07234EAC-B32F-4769-A4C5-83209A858829}.Release|Any CPU.ActiveCfg = Release|Any CPU
		{07234EAC-B32F-4769-A4C5-83209A858829}.Release|Any CPU.Build.0 = Release|Any CPU
		{7DA7BD58-8197-4E99-ACDE-51A0D4A47965}.Debug|Any CPU.ActiveCfg = Debug|Any CPU
		{7DA7BD58-8197-4E99-ACDE-51A0D4A47965}.Debug|Any CPU.Build.0 = Debug|Any CPU
		{7DA7BD58-8197-4E99-ACDE-51A0D4A47965}.Release|Any CPU.ActiveCfg = Release|Any CPU
		{7DA7BD58-8197-4E99-ACDE-51A0D4A47965}.Release|Any CPU.Build.0 = Release|Any CPU
		{D85FBE12-9358-47A4-89D1-3A291FF371D2}.Debug|Any CPU.ActiveCfg = Debug|Any CPU
		{D85FBE12-9358-47A4-89D1-3A291FF371D2}.Debug|Any CPU.Build.0 = Debug|Any CPU
		{D85FBE12-9358-47A4-89D1-3A291FF371D2}.Release|Any CPU.ActiveCfg = Release|Any CPU
		{D85FBE12-9358-47A4-89D1-3A291FF371D2}.Release|Any CPU.Build.0 = Release|Any CPU
		{7A9C0161-E59D-462B-A1B5-675E25030F8F}.Debug|Any CPU.ActiveCfg = Debug|Any CPU
		{7A9C0161-E59D-462B-A1B5-675E25030F8F}.Debug|Any CPU.Build.0 = Debug|Any CPU
		{7A9C0161-E59D-462B-A1B5-675E25030F8F}.Release|Any CPU.ActiveCfg = Release|Any CPU
		{7A9C0161-E59D-462B-A1B5-675E25030F8F}.Release|Any CPU.Build.0 = Release|Any CPU
		{439C11E1-AF6C-4363-BFB1-3C0ABFEEF01A}.Debug|Any CPU.ActiveCfg = Debug|Any CPU
		{439C11E1-AF6C-4363-BFB1-3C0ABFEEF01A}.Debug|Any CPU.Build.0 = Debug|Any CPU
		{439C11E1-AF6C-4363-BFB1-3C0ABFEEF01A}.Release|Any CPU.ActiveCfg = Release|Any CPU
		{439C11E1-AF6C-4363-BFB1-3C0ABFEEF01A}.Release|Any CPU.Build.0 = Release|Any CPU
	EndGlobalSection
	GlobalSection(SolutionProperties) = preSolution
		HideSolutionNode = FALSE
	EndGlobalSection
	GlobalSection(NestedProjects) = preSolution
		{BC7845E6-E9B2-4801-9E4E-800ACF8CD1B2} = {DAA7138F-E0AB-4D23-AA19-2E12B79F9AD5}
		{D31E6789-481C-4690-B7E9-6FED1441743E} = {DAA7138F-E0AB-4D23-AA19-2E12B79F9AD5}
		{F357D241-DC59-4AA3-8BDF-1F8831077664} = {C087C369-8356-4DF6-AAD1-26E0A3F85A5E}
		{390B4541-C39C-416E-9663-08D3FA71E4DD} = {C087C369-8356-4DF6-AAD1-26E0A3F85A5E}
		{2E4BED5E-1318-4BA1-AA34-A7F1FBE46911} = {D4FB8D80-57CF-4843-9697-C2AB533C6BE7}
		{DCF3B456-E946-40DB-8204-B74B13625395} = {D4FB8D80-57CF-4843-9697-C2AB533C6BE7}
		{1DA63133-FCD2-4D0C-A7D5-2D556C2B398A} = {D4FB8D80-57CF-4843-9697-C2AB533C6BE7}
		{118F9028-DE1A-4331-B0C2-F1F219113695} = {1DA63133-FCD2-4D0C-A7D5-2D556C2B398A}
		{FFC95F55-AC5F-446D-87AC-7F0236DD5D86} = {1DA63133-FCD2-4D0C-A7D5-2D556C2B398A}
		{C69DB293-BBD2-4E00-9068-7501A49C174B} = {DAA7138F-E0AB-4D23-AA19-2E12B79F9AD5}
		{5F28C241-BA5B-4F51-B5D1-4660006387B9} = {DAA7138F-E0AB-4D23-AA19-2E12B79F9AD5}
		{F854C80A-06E6-4C83-A798-0C68270920F2} = {DAA7138F-E0AB-4D23-AA19-2E12B79F9AD5}
		{9F6434CA-BDC1-4AAD-A5A0-1F6768619AE2} = {B6B5EBCE-339F-4AF7-9B10-4760ADDC588D}
		{42A1D008-81A7-44F9-98DC-EC1177E6DF8B} = {E60E79FA-EA27-49E6-968B-B8D87FF8869A}
		{8CBA232E-FC08-4233-A145-015D4DE1A707} = {EA4AACF8-EDF7-45FD-A4BA-15388FF1C404}
		{9B7AF85C-31CA-49D8-9A9D-FE46F995926B} = {D4FB8D80-57CF-4843-9697-C2AB533C6BE7}
		{8EF1DBF0-486E-418F-A5D0-40669E9BF7B7} = {9B7AF85C-31CA-49D8-9A9D-FE46F995926B}
		{D33E1D96-1DED-4012-8A1C-63EEB6CE5D74} = {9B7AF85C-31CA-49D8-9A9D-FE46F995926B}
		{5FE8AD75-B070-4A7F-9587-C40EE51BDD44} = {D33E1D96-1DED-4012-8A1C-63EEB6CE5D74}
		{64BD1E90-8B82-44EF-83C2-025A0BC0E102} = {8EF1DBF0-486E-418F-A5D0-40669E9BF7B7}
		{EC6283B8-58C2-41FF-80C6-0C5C7A402541} = {9B7AF85C-31CA-49D8-9A9D-FE46F995926B}
		{0BBB777A-DFA8-4E15-A332-9C2E78B1A8E7} = {8EF1DBF0-486E-418F-A5D0-40669E9BF7B7}
		{06165DEC-A3F2-40D5-8F5E-38D0FB12DC6D} = {8EF1DBF0-486E-418F-A5D0-40669E9BF7B7}
		{003702D8-E922-4539-80D4-15AAB22FF29D} = {8EF1DBF0-486E-418F-A5D0-40669E9BF7B7}
		{67E44CD9-1018-4D57-A7A0-BCB2F4045691} = {EC09DA79-320F-41D2-AC9C-9542CD223931}
		{EC09DA79-320F-41D2-AC9C-9542CD223931} = {D4FB8D80-57CF-4843-9697-C2AB533C6BE7}
		{5A52E4BB-FB4B-4C3A-9F9F-41250D2B9205} = {EC09DA79-320F-41D2-AC9C-9542CD223931}
		{EB5C06B9-8DD0-4145-B130-9E0271242304} = {EC09DA79-320F-41D2-AC9C-9542CD223931}
		{1FBE3BB6-C839-4CDC-80B7-45D08C57AFBC} = {D4FB8D80-57CF-4843-9697-C2AB533C6BE7}
		{62DA147B-2178-4463-89AB-5F7C39BC3779} = {1FBE3BB6-C839-4CDC-80B7-45D08C57AFBC}
		{ED259DAB-58D2-4253-870C-B3CFE8F2CA49} = {1FBE3BB6-C839-4CDC-80B7-45D08C57AFBC}
		{1106A809-72E0-472F-AC57-257C6989AA14} = {ED259DAB-58D2-4253-870C-B3CFE8F2CA49}
		{07234EAC-B32F-4769-A4C5-83209A858829} = {62DA147B-2178-4463-89AB-5F7C39BC3779}
		{7DA7BD58-8197-4E99-ACDE-51A0D4A47965} = {1FBE3BB6-C839-4CDC-80B7-45D08C57AFBC}
		{D85FBE12-9358-47A4-89D1-3A291FF371D2} = {1FBE3BB6-C839-4CDC-80B7-45D08C57AFBC}
		{1C3A0E0A-3C0C-4D09-B578-58972FE1B0D8} = {1FBE3BB6-C839-4CDC-80B7-45D08C57AFBC}
		{7A9C0161-E59D-462B-A1B5-675E25030F8F} = {62DA147B-2178-4463-89AB-5F7C39BC3779}
		{439C11E1-AF6C-4363-BFB1-3C0ABFEEF01A} = {1C3A0E0A-3C0C-4D09-B578-58972FE1B0D8}
	EndGlobalSection
EndGlobal
