
Microsoft Visual Studio Solution File, Format Version 12.00
# Visual Studio 14
VisualStudioVersion = 14.0.25420.1
MinimumVisualStudioVersion = 10.0.40219.1
Project("{FAE04EC0-301F-11D3-BF4B-00C04F79EFBC}") = "LearningLINQ", "LearningLINQ\LearningLINQ.csproj", "{BC7845E6-E9B2-4801-9E4E-800ACF8CD1B2}"
EndProject
Project("{FAE04EC0-301F-11D3-BF4B-00C04F79EFBC}") = "LinqQueries", "LinqQueries\LinqQueries.csproj", "{D31E6789-481C-4690-B7E9-6FED1441743E}"
EndProject
Project("{FAE04EC0-301F-11D3-BF4B-00C04F79EFBC}") = "CSharp6.0", "CSharp6.0\CSharp6.0.csproj", "{F357D241-DC59-4AA3-8BDF-1F8831077664}"
EndProject
Project("{2150E333-8FDC-42A3-9474-1A3956D46DE8}") = "CShatp6.0AndItsTests", "CShatp6.0AndItsTests", "{C087C369-8356-4DF6-AAD1-26E0A3F85A5E}"
EndProject
Project("{FAE04EC0-301F-11D3-BF4B-00C04F79EFBC}") = "CSharp6.0UnitTesting", "CSharp6.0UnitTesting\CSharp6.0UnitTesting.csproj", "{390B4541-C39C-416E-9663-08D3FA71E4DD}"
EndProject
Project("{2150E333-8FDC-42A3-9474-1A3956D46DE8}") = "Interfaces", "Interfaces", "{D4FB8D80-57CF-4843-9697-C2AB533C6BE7}"
EndProject
Project("{FAE04EC0-301F-11D3-BF4B-00C04F79EFBC}") = "RegularPloygons", "RegularPloygons\RegularPloygons.csproj", "{2E4BED5E-1318-4BA1-AA34-A7F1FBE46911}"
EndProject
Project("{FAE04EC0-301F-11D3-BF4B-00C04F79EFBC}") = "Polygons", "Polygons\Polygons.csproj", "{DCF3B456-E946-40DB-8204-B74B13625395}"
EndProject
Project("{2150E333-8FDC-42A3-9474-1A3956D46DE8}") = "FutureProofCode", "FutureProofCode", "{1DA63133-FCD2-4D0C-A7D5-2D556C2B398A}"
EndProject
Project("{FAE04EC0-301F-11D3-BF4B-00C04F79EFBC}") = "PersonLibrary", "PersonLibrary\PersonLibrary.csproj", "{118F9028-DE1A-4331-B0C2-F1F219113695}"
EndProject
Project("{FAE04EC0-301F-11D3-BF4B-00C04F79EFBC}") = "PeopleViewer", "PeopleViewer\PeopleViewer.csproj", "{FFC95F55-AC5F-446D-87AC-7F0236DD5D86}"
EndProject
Project("{FAE04EC0-301F-11D3-BF4B-00C04F79EFBC}") = "Strings", "Strings\Strings.csproj", "{28DA0C7D-39FA-41BF-B32D-B812BCD284F8}"
EndProject
Global
	GlobalSection(SolutionConfigurationPlatforms) = preSolution
		Debug|Any CPU = Debug|Any CPU
		Release|Any CPU = Release|Any CPU
	EndGlobalSection
	GlobalSection(ProjectConfigurationPlatforms) = postSolution
		{BC7845E6-E9B2-4801-9E4E-800ACF8CD1B2}.Debug|Any CPU.ActiveCfg = Debug|Any CPU
		{BC7845E6-E9B2-4801-9E4E-800ACF8CD1B2}.Debug|Any CPU.Build.0 = Debug|Any CPU
		{BC7845E6-E9B2-4801-9E4E-800ACF8CD1B2}.Release|Any CPU.ActiveCfg = Release|Any CPU
		{BC7845E6-E9B2-4801-9E4E-800ACF8CD1B2}.Release|Any CPU.Build.0 = Release|Any CPU
		{D31E6789-481C-4690-B7E9-6FED1441743E}.Debug|Any CPU.ActiveCfg = Debug|Any CPU
		{D31E6789-481C-4690-B7E9-6FED1441743E}.Debug|Any CPU.Build.0 = Debug|Any CPU
		{D31E6789-481C-4690-B7E9-6FED1441743E}.Release|Any CPU.ActiveCfg = Release|Any CPU
		{D31E6789-481C-4690-B7E9-6FED1441743E}.Release|Any CPU.Build.0 = Release|Any CPU
		{F357D241-DC59-4AA3-8BDF-1F8831077664}.Debug|Any CPU.ActiveCfg = Debug|Any CPU
		{F357D241-DC59-4AA3-8BDF-1F8831077664}.Debug|Any CPU.Build.0 = Debug|Any CPU
		{F357D241-DC59-4AA3-8BDF-1F8831077664}.Release|Any CPU.ActiveCfg = Release|Any CPU
		{F357D241-DC59-4AA3-8BDF-1F8831077664}.Release|Any CPU.Build.0 = Release|Any CPU
		{390B4541-C39C-416E-9663-08D3FA71E4DD}.Debug|Any CPU.ActiveCfg = Debug|Any CPU
		{390B4541-C39C-416E-9663-08D3FA71E4DD}.Debug|Any CPU.Build.0 = Debug|Any CPU
		{390B4541-C39C-416E-9663-08D3FA71E4DD}.Release|Any CPU.ActiveCfg = Release|Any CPU
		{390B4541-C39C-416E-9663-08D3FA71E4DD}.Release|Any CPU.Build.0 = Release|Any CPU
		{2E4BED5E-1318-4BA1-AA34-A7F1FBE46911}.Debug|Any CPU.ActiveCfg = Debug|Any CPU
		{2E4BED5E-1318-4BA1-AA34-A7F1FBE46911}.Debug|Any CPU.Build.0 = Debug|Any CPU
		{2E4BED5E-1318-4BA1-AA34-A7F1FBE46911}.Release|Any CPU.ActiveCfg = Release|Any CPU
		{2E4BED5E-1318-4BA1-AA34-A7F1FBE46911}.Release|Any CPU.Build.0 = Release|Any CPU
		{DCF3B456-E946-40DB-8204-B74B13625395}.Debug|Any CPU.ActiveCfg = Debug|Any CPU
		{DCF3B456-E946-40DB-8204-B74B13625395}.Debug|Any CPU.Build.0 = Debug|Any CPU
		{DCF3B456-E946-40DB-8204-B74B13625395}.Release|Any CPU.ActiveCfg = Release|Any CPU
		{DCF3B456-E946-40DB-8204-B74B13625395}.Release|Any CPU.Build.0 = Release|Any CPU
		{118F9028-DE1A-4331-B0C2-F1F219113695}.Debug|Any CPU.ActiveCfg = Debug|Any CPU
		{118F9028-DE1A-4331-B0C2-F1F219113695}.Debug|Any CPU.Build.0 = Debug|Any CPU
		{118F9028-DE1A-4331-B0C2-F1F219113695}.Release|Any CPU.ActiveCfg = Release|Any CPU
		{118F9028-DE1A-4331-B0C2-F1F219113695}.Release|Any CPU.Build.0 = Release|Any CPU
		{FFC95F55-AC5F-446D-87AC-7F0236DD5D86}.Debug|Any CPU.ActiveCfg = Debug|Any CPU
		{FFC95F55-AC5F-446D-87AC-7F0236DD5D86}.Debug|Any CPU.Build.0 = Debug|Any CPU
		{FFC95F55-AC5F-446D-87AC-7F0236DD5D86}.Release|Any CPU.ActiveCfg = Release|Any CPU
		{FFC95F55-AC5F-446D-87AC-7F0236DD5D86}.Release|Any CPU.Build.0 = Release|Any CPU
		{28DA0C7D-39FA-41BF-B32D-B812BCD284F8}.Debug|Any CPU.ActiveCfg = Debug|Any CPU
		{28DA0C7D-39FA-41BF-B32D-B812BCD284F8}.Debug|Any CPU.Build.0 = Debug|Any CPU
		{28DA0C7D-39FA-41BF-B32D-B812BCD284F8}.Release|Any CPU.ActiveCfg = Release|Any CPU
		{28DA0C7D-39FA-41BF-B32D-B812BCD284F8}.Release|Any CPU.Build.0 = Release|Any CPU
	EndGlobalSection
	GlobalSection(SolutionProperties) = preSolution
		HideSolutionNode = FALSE
	EndGlobalSection
	GlobalSection(NestedProjects) = preSolution
		{F357D241-DC59-4AA3-8BDF-1F8831077664} = {C087C369-8356-4DF6-AAD1-26E0A3F85A5E}
		{390B4541-C39C-416E-9663-08D3FA71E4DD} = {C087C369-8356-4DF6-AAD1-26E0A3F85A5E}
		{2E4BED5E-1318-4BA1-AA34-A7F1FBE46911} = {D4FB8D80-57CF-4843-9697-C2AB533C6BE7}
		{DCF3B456-E946-40DB-8204-B74B13625395} = {D4FB8D80-57CF-4843-9697-C2AB533C6BE7}
		{1DA63133-FCD2-4D0C-A7D5-2D556C2B398A} = {D4FB8D80-57CF-4843-9697-C2AB533C6BE7}
		{118F9028-DE1A-4331-B0C2-F1F219113695} = {1DA63133-FCD2-4D0C-A7D5-2D556C2B398A}
		{FFC95F55-AC5F-446D-87AC-7F0236DD5D86} = {1DA63133-FCD2-4D0C-A7D5-2D556C2B398A}
	EndGlobalSection
EndGlobal
